
Microsoft Visual Studio Solution File, Format Version 12.00
# Visual Studio Version 17
VisualStudioVersion = 17.8.34525.116
MinimumVisualStudioVersion = 10.0.40219.1
Project("{FAE04EC0-301F-11D3-BF4B-00C04F79EFBC}") = "SayariDemonstration", "SayariDemonstration.csproj", "{B54C5AEA-B599-4548-9C55-0D18F17AE687}"
EndProject
Global
	GlobalSection(SolutionConfigurationPlatforms) = preSolution
		Debug|Any CPU = Debug|Any CPU
		Release|Any CPU = Release|Any CPU
	EndGlobalSection
	GlobalSection(ProjectConfigurationPlatforms) = postSolution
		{B54C5AEA-B599-4548-9C55-0D18F17AE687}.Debug|Any CPU.ActiveCfg = Debug|Any CPU
		{B54C5AEA-B599-4548-9C55-0D18F17AE687}.Debug|Any CPU.Build.0 = Debug|Any CPU
		{B54C5AEA-B599-4548-9C55-0D18F17AE687}.Release|Any CPU.ActiveCfg = Release|Any CPU
		{B54C5AEA-B599-4548-9C55-0D18F17AE687}.Release|Any CPU.Build.0 = Release|Any CPU
	EndGlobalSection
	GlobalSection(SolutionProperties) = preSolution
		HideSolutionNode = FALSE
	EndGlobalSection
	GlobalSection(ExtensibilityGlobals) = postSolution
		SolutionGuid = {5A057E0F-2866-4DB9-AAA6-E21E36EFFA76}
	EndGlobalSection
EndGlobal
